// !$*UTF8*$!
{
	archiveVersion = 1;
	classes = {
	};
	objectVersion = 55;
	objects = {

/* Begin PBXBuildFile section */
		374C04F828004EEB00AA29D3 /* RestClient+Heroes.swift in Sources */ = {isa = PBXBuildFile; fileRef = 374C04F728004EEB00AA29D3 /* RestClient+Heroes.swift */; };
		37709D1927FDCBC400B9A05F /* GradientView.swift in Sources */ = {isa = PBXBuildFile; fileRef = 37709D1827FDCBC400B9A05F /* GradientView.swift */; };
		37832E0627FD7C61001EAB8A /* RestClient.swift in Sources */ = {isa = PBXBuildFile; fileRef = 37832E0527FD7C61001EAB8A /* RestClient.swift */; };
		37832E1527FD7F65001EAB8A /* Powerstats.swift in Sources */ = {isa = PBXBuildFile; fileRef = 37832E0C27FD7F64001EAB8A /* Powerstats.swift */; };
		37832E1627FD7F65001EAB8A /* Work.swift in Sources */ = {isa = PBXBuildFile; fileRef = 37832E0D27FD7F64001EAB8A /* Work.swift */; };
		37832E1727FD7F65001EAB8A /* Biography.swift in Sources */ = {isa = PBXBuildFile; fileRef = 37832E0E27FD7F64001EAB8A /* Biography.swift */; };
		37832E1827FD7F65001EAB8A /* Image.swift in Sources */ = {isa = PBXBuildFile; fileRef = 37832E0F27FD7F64001EAB8A /* Image.swift */; };
		37832E1927FD7F65001EAB8A /* Superheroes.swift in Sources */ = {isa = PBXBuildFile; fileRef = 37832E1027FD7F64001EAB8A /* Superheroes.swift */; };
		37832E1A27FD7F65001EAB8A /* APIError.swift in Sources */ = {isa = PBXBuildFile; fileRef = 37832E1127FD7F64001EAB8A /* APIError.swift */; };
		37832E1B27FD7F65001EAB8A /* Appearance.swift in Sources */ = {isa = PBXBuildFile; fileRef = 37832E1227FD7F64001EAB8A /* Appearance.swift */; };
		37832E1C27FD7F65001EAB8A /* Connections.swift in Sources */ = {isa = PBXBuildFile; fileRef = 37832E1327FD7F64001EAB8A /* Connections.swift */; };
		37832E1D27FD7F65001EAB8A /* Heroes.swift in Sources */ = {isa = PBXBuildFile; fileRef = 37832E1427FD7F65001EAB8A /* Heroes.swift */; };
		37832E2027FD85DD001EAB8A /* HeroesCell.swift in Sources */ = {isa = PBXBuildFile; fileRef = 37832E1F27FD85DD001EAB8A /* HeroesCell.swift */; };
		37F168FE27FD71AD005943F4 /* AppDelegate.swift in Sources */ = {isa = PBXBuildFile; fileRef = 37F168FD27FD71AD005943F4 /* AppDelegate.swift */; };
		37F1690027FD71AD005943F4 /* SceneDelegate.swift in Sources */ = {isa = PBXBuildFile; fileRef = 37F168FF27FD71AD005943F4 /* SceneDelegate.swift */; };
		37F1690227FD71AD005943F4 /* ViewController.swift in Sources */ = {isa = PBXBuildFile; fileRef = 37F1690127FD71AD005943F4 /* ViewController.swift */; };
		37F1690527FD71AD005943F4 /* Main.storyboard in Resources */ = {isa = PBXBuildFile; fileRef = 37F1690327FD71AD005943F4 /* Main.storyboard */; };
		37F1690727FD71AE005943F4 /* Assets.xcassets in Resources */ = {isa = PBXBuildFile; fileRef = 37F1690627FD71AE005943F4 /* Assets.xcassets */; };
		37F1690A27FD71AE005943F4 /* LaunchScreen.storyboard in Resources */ = {isa = PBXBuildFile; fileRef = 37F1690827FD71AE005943F4 /* LaunchScreen.storyboard */; };
		7F96C57EB598BE35B3A620F2 /* Pods_RxStudy.framework in Frameworks */ = {isa = PBXBuildFile; fileRef = 01DEE931E66BC5CD54F3D934 /* Pods_RxStudy.framework */; };
/* End PBXBuildFile section */

/* Begin PBXFileReference section */
		01DEE931E66BC5CD54F3D934 /* Pods_RxStudy.framework */ = {isa = PBXFileReference; explicitFileType = wrapper.framework; includeInIndex = 0; path = Pods_RxStudy.framework; sourceTree = BUILT_PRODUCTS_DIR; };
		370F02FA27FD730900FEC80C /* RxStudy.playground */ = {isa = PBXFileReference; lastKnownFileType = file.playground; path = RxStudy.playground; sourceTree = "<group>"; xcLanguageSpecificationIdentifier = xcode.lang.swift; };
		374C04F728004EEB00AA29D3 /* RestClient+Heroes.swift */ = {isa = PBXFileReference; lastKnownFileType = sourcecode.swift; path = "RestClient+Heroes.swift"; sourceTree = "<group>"; };
		37709D1827FDCBC400B9A05F /* GradientView.swift */ = {isa = PBXFileReference; lastKnownFileType = sourcecode.swift; path = GradientView.swift; sourceTree = "<group>"; };
		37832E0527FD7C61001EAB8A /* RestClient.swift */ = {isa = PBXFileReference; lastKnownFileType = sourcecode.swift; path = RestClient.swift; sourceTree = "<group>"; };
		37832E0C27FD7F64001EAB8A /* Powerstats.swift */ = {isa = PBXFileReference; fileEncoding = 4; lastKnownFileType = sourcecode.swift; path = Powerstats.swift; sourceTree = "<group>"; };
		37832E0D27FD7F64001EAB8A /* Work.swift */ = {isa = PBXFileReference; fileEncoding = 4; lastKnownFileType = sourcecode.swift; path = Work.swift; sourceTree = "<group>"; };
		37832E0E27FD7F64001EAB8A /* Biography.swift */ = {isa = PBXFileReference; fileEncoding = 4; lastKnownFileType = sourcecode.swift; path = Biography.swift; sourceTree = "<group>"; };
		37832E0F27FD7F64001EAB8A /* Image.swift */ = {isa = PBXFileReference; fileEncoding = 4; lastKnownFileType = sourcecode.swift; path = Image.swift; sourceTree = "<group>"; };
		37832E1027FD7F64001EAB8A /* Superheroes.swift */ = {isa = PBXFileReference; fileEncoding = 4; lastKnownFileType = sourcecode.swift; path = Superheroes.swift; sourceTree = "<group>"; };
		37832E1127FD7F64001EAB8A /* APIError.swift */ = {isa = PBXFileReference; fileEncoding = 4; lastKnownFileType = sourcecode.swift; path = APIError.swift; sourceTree = "<group>"; };
		37832E1227FD7F64001EAB8A /* Appearance.swift */ = {isa = PBXFileReference; fileEncoding = 4; lastKnownFileType = sourcecode.swift; path = Appearance.swift; sourceTree = "<group>"; };
		37832E1327FD7F64001EAB8A /* Connections.swift */ = {isa = PBXFileReference; fileEncoding = 4; lastKnownFileType = sourcecode.swift; path = Connections.swift; sourceTree = "<group>"; };
		37832E1427FD7F65001EAB8A /* Heroes.swift */ = {isa = PBXFileReference; fileEncoding = 4; lastKnownFileType = sourcecode.swift; path = Heroes.swift; sourceTree = "<group>"; };
		37832E1F27FD85DD001EAB8A /* HeroesCell.swift */ = {isa = PBXFileReference; lastKnownFileType = sourcecode.swift; path = HeroesCell.swift; sourceTree = "<group>"; };
		37F168FA27FD71AD005943F4 /* RxStudy.app */ = {isa = PBXFileReference; explicitFileType = wrapper.application; includeInIndex = 0; path = RxStudy.app; sourceTree = BUILT_PRODUCTS_DIR; };
		37F168FD27FD71AD005943F4 /* AppDelegate.swift */ = {isa = PBXFileReference; lastKnownFileType = sourcecode.swift; path = AppDelegate.swift; sourceTree = "<group>"; };
		37F168FF27FD71AD005943F4 /* SceneDelegate.swift */ = {isa = PBXFileReference; lastKnownFileType = sourcecode.swift; path = SceneDelegate.swift; sourceTree = "<group>"; };
		37F1690127FD71AD005943F4 /* ViewController.swift */ = {isa = PBXFileReference; lastKnownFileType = sourcecode.swift; path = ViewController.swift; sourceTree = "<group>"; };
		37F1690427FD71AD005943F4 /* Base */ = {isa = PBXFileReference; lastKnownFileType = file.storyboard; name = Base; path = Base.lproj/Main.storyboard; sourceTree = "<group>"; };
		37F1690627FD71AE005943F4 /* Assets.xcassets */ = {isa = PBXFileReference; lastKnownFileType = folder.assetcatalog; path = Assets.xcassets; sourceTree = "<group>"; };
		37F1690927FD71AE005943F4 /* Base */ = {isa = PBXFileReference; lastKnownFileType = file.storyboard; name = Base; path = Base.lproj/LaunchScreen.storyboard; sourceTree = "<group>"; };
		37F1690B27FD71AE005943F4 /* Info.plist */ = {isa = PBXFileReference; lastKnownFileType = text.plist.xml; path = Info.plist; sourceTree = "<group>"; };
		C1539ABE7A898B7D33DADE52 /* Pods-RxStudy.debug.xcconfig */ = {isa = PBXFileReference; includeInIndex = 1; lastKnownFileType = text.xcconfig; name = "Pods-RxStudy.debug.xcconfig"; path = "Target Support Files/Pods-RxStudy/Pods-RxStudy.debug.xcconfig"; sourceTree = "<group>"; };
		F8ADE7CA432D526334B05F49 /* Pods-RxStudy.release.xcconfig */ = {isa = PBXFileReference; includeInIndex = 1; lastKnownFileType = text.xcconfig; name = "Pods-RxStudy.release.xcconfig"; path = "Target Support Files/Pods-RxStudy/Pods-RxStudy.release.xcconfig"; sourceTree = "<group>"; };
/* End PBXFileReference section */

/* Begin PBXFrameworksBuildPhase section */
		37F168F727FD71AD005943F4 /* Frameworks */ = {
			isa = PBXFrameworksBuildPhase;
			buildActionMask = 2147483647;
			files = (
				7F96C57EB598BE35B3A620F2 /* Pods_RxStudy.framework in Frameworks */,
			);
			runOnlyForDeploymentPostprocessing = 0;
		};
/* End PBXFrameworksBuildPhase section */

/* Begin PBXGroup section */
		37709D1A27FEFD6800B9A05F /* Controllers */ = {
			isa = PBXGroup;
			children = (
				37F1690127FD71AD005943F4 /* ViewController.swift */,
			);
			path = Controllers;
			sourceTree = "<group>";
		};
		37709D1B27FEFD7B00B9A05F /* Views */ = {
			isa = PBXGroup;
			children = (
				37709D1827FDCBC400B9A05F /* GradientView.swift */,
			);
			path = Views;
			sourceTree = "<group>";
		};
		37832E0427FD7C22001EAB8A /* RestClient */ = {
			isa = PBXGroup;
			children = (
				37832E0527FD7C61001EAB8A /* RestClient.swift */,
				374C04F728004EEB00AA29D3 /* RestClient+Heroes.swift */,
			);
			path = RestClient;
			sourceTree = "<group>";
		};
		37832E0B27FD7EA1001EAB8A /* Models */ = {
			isa = PBXGroup;
			children = (
				37832E1127FD7F64001EAB8A /* APIError.swift */,
				37832E1227FD7F64001EAB8A /* Appearance.swift */,
				37832E0E27FD7F64001EAB8A /* Biography.swift */,
				37832E1327FD7F64001EAB8A /* Connections.swift */,
				37832E1427FD7F65001EAB8A /* Heroes.swift */,
				37832E0F27FD7F64001EAB8A /* Image.swift */,
				37832E0C27FD7F64001EAB8A /* Powerstats.swift */,
				37832E1027FD7F64001EAB8A /* Superheroes.swift */,
				37832E0D27FD7F64001EAB8A /* Work.swift */,
			);
			path = Models;
			sourceTree = "<group>";
		};
		37832E1E27FD85D4001EAB8A /* Cells */ = {
			isa = PBXGroup;
			children = (
				37832E1F27FD85DD001EAB8A /* HeroesCell.swift */,
			);
			path = Cells;
			sourceTree = "<group>";
		};
		37F168F127FD71AD005943F4 = {
			isa = PBXGroup;
			children = (
				370F02FA27FD730900FEC80C /* RxStudy.playground */,
				37F168FC27FD71AD005943F4 /* RxStudy */,
				37F168FB27FD71AD005943F4 /* Products */,
				8AAA182A2117BDFF048B8E87 /* Pods */,
				500AAEB843EBB84D2CC9649A /* Frameworks */,
			);
			sourceTree = "<group>";
		};
		37F168FB27FD71AD005943F4 /* Products */ = {
			isa = PBXGroup;
			children = (
				37F168FA27FD71AD005943F4 /* RxStudy.app */,
			);
			name = Products;
			sourceTree = "<group>";
		};
		37F168FC27FD71AD005943F4 /* RxStudy */ = {
			isa = PBXGroup;
			children = (
				37709D1B27FEFD7B00B9A05F /* Views */,
				37709D1A27FEFD6800B9A05F /* Controllers */,
				37832E1E27FD85D4001EAB8A /* Cells */,
				37832E0B27FD7EA1001EAB8A /* Models */,
				37832E0427FD7C22001EAB8A /* RestClient */,
				37F168FD27FD71AD005943F4 /* AppDelegate.swift */,
				37F168FF27FD71AD005943F4 /* SceneDelegate.swift */,
				37F1690327FD71AD005943F4 /* Main.storyboard */,
				37F1690627FD71AE005943F4 /* Assets.xcassets */,
				37F1690827FD71AE005943F4 /* LaunchScreen.storyboard */,
				37F1690B27FD71AE005943F4 /* Info.plist */,
			);
			path = RxStudy;
			sourceTree = "<group>";
		};
		500AAEB843EBB84D2CC9649A /* Frameworks */ = {
			isa = PBXGroup;
			children = (
				01DEE931E66BC5CD54F3D934 /* Pods_RxStudy.framework */,
			);
			name = Frameworks;
			sourceTree = "<group>";
		};
		8AAA182A2117BDFF048B8E87 /* Pods */ = {
			isa = PBXGroup;
			children = (
				C1539ABE7A898B7D33DADE52 /* Pods-RxStudy.debug.xcconfig */,
				F8ADE7CA432D526334B05F49 /* Pods-RxStudy.release.xcconfig */,
			);
			path = Pods;
			sourceTree = "<group>";
		};
/* End PBXGroup section */

/* Begin PBXNativeTarget section */
		37F168F927FD71AD005943F4 /* RxStudy */ = {
			isa = PBXNativeTarget;
			buildConfigurationList = 37F1690E27FD71AE005943F4 /* Build configuration list for PBXNativeTarget "RxStudy" */;
			buildPhases = (
				E0DAE9CF7D61823A88B9BBB9 /* [CP] Check Pods Manifest.lock */,
				37F168F627FD71AD005943F4 /* Sources */,
				37F168F727FD71AD005943F4 /* Frameworks */,
				37F168F827FD71AD005943F4 /* Resources */,
				3069D37350CE3D92FCEA9DAC /* [CP] Embed Pods Frameworks */,
			);
			buildRules = (
			);
			dependencies = (
			);
			name = RxStudy;
			productName = RxStudy;
			productReference = 37F168FA27FD71AD005943F4 /* RxStudy.app */;
			productType = "com.apple.product-type.application";
		};
/* End PBXNativeTarget section */

/* Begin PBXProject section */
		37F168F227FD71AD005943F4 /* Project object */ = {
			isa = PBXProject;
			attributes = {
				BuildIndependentTargetsInParallel = 1;
				LastSwiftUpdateCheck = 1330;
				LastUpgradeCheck = 1330;
				TargetAttributes = {
					37F168F927FD71AD005943F4 = {
						CreatedOnToolsVersion = 13.3;
					};
				};
			};
			buildConfigurationList = 37F168F527FD71AD005943F4 /* Build configuration list for PBXProject "RxStudy" */;
			compatibilityVersion = "Xcode 13.0";
			developmentRegion = en;
			hasScannedForEncodings = 0;
			knownRegions = (
				en,
				Base,
			);
			mainGroup = 37F168F127FD71AD005943F4;
			productRefGroup = 37F168FB27FD71AD005943F4 /* Products */;
			projectDirPath = "";
			projectRoot = "";
			targets = (
				37F168F927FD71AD005943F4 /* RxStudy */,
			);
		};
/* End PBXProject section */

/* Begin PBXResourcesBuildPhase section */
		37F168F827FD71AD005943F4 /* Resources */ = {
			isa = PBXResourcesBuildPhase;
			buildActionMask = 2147483647;
			files = (
				37F1690A27FD71AE005943F4 /* LaunchScreen.storyboard in Resources */,
				37F1690727FD71AE005943F4 /* Assets.xcassets in Resources */,
				37F1690527FD71AD005943F4 /* Main.storyboard in Resources */,
			);
			runOnlyForDeploymentPostprocessing = 0;
		};
/* End PBXResourcesBuildPhase section */

/* Begin PBXShellScriptBuildPhase section */
		3069D37350CE3D92FCEA9DAC /* [CP] Embed Pods Frameworks */ = {
			isa = PBXShellScriptBuildPhase;
			buildActionMask = 2147483647;
			files = (
			);
			inputFileListPaths = (
				"${PODS_ROOT}/Target Support Files/Pods-RxStudy/Pods-RxStudy-frameworks-${CONFIGURATION}-input-files.xcfilelist",
			);
			name = "[CP] Embed Pods Frameworks";
			outputFileListPaths = (
				"${PODS_ROOT}/Target Support Files/Pods-RxStudy/Pods-RxStudy-frameworks-${CONFIGURATION}-output-files.xcfilelist",
			);
			runOnlyForDeploymentPostprocessing = 0;
			shellPath = /bin/sh;
			shellScript = "\"${PODS_ROOT}/Target Support Files/Pods-RxStudy/Pods-RxStudy-frameworks.sh\"\n";
			showEnvVarsInLog = 0;
		};
		E0DAE9CF7D61823A88B9BBB9 /* [CP] Check Pods Manifest.lock */ = {
			isa = PBXShellScriptBuildPhase;
			buildActionMask = 2147483647;
			files = (
			);
			inputFileListPaths = (
			);
			inputPaths = (
				"${PODS_PODFILE_DIR_PATH}/Podfile.lock",
				"${PODS_ROOT}/Manifest.lock",
			);
			name = "[CP] Check Pods Manifest.lock";
			outputFileListPaths = (
			);
			outputPaths = (
				"$(DERIVED_FILE_DIR)/Pods-RxStudy-checkManifestLockResult.txt",
			);
			runOnlyForDeploymentPostprocessing = 0;
			shellPath = /bin/sh;
			shellScript = "diff \"${PODS_PODFILE_DIR_PATH}/Podfile.lock\" \"${PODS_ROOT}/Manifest.lock\" > /dev/null\nif [ $? != 0 ] ; then\n    # print error to STDERR\n    echo \"error: The sandbox is not in sync with the Podfile.lock. Run 'pod install' or update your CocoaPods installation.\" >&2\n    exit 1\nfi\n# This output is used by Xcode 'outputs' to avoid re-running this script phase.\necho \"SUCCESS\" > \"${SCRIPT_OUTPUT_FILE_0}\"\n";
			showEnvVarsInLog = 0;
		};
/* End PBXShellScriptBuildPhase section */

/* Begin PBXSourcesBuildPhase section */
		37F168F627FD71AD005943F4 /* Sources */ = {
			isa = PBXSourcesBuildPhase;
			buildActionMask = 2147483647;
			files = (
				374C04F828004EEB00AA29D3 /* RestClient+Heroes.swift in Sources */,
				37832E1627FD7F65001EAB8A /* Work.swift in Sources */,
				37832E2027FD85DD001EAB8A /* HeroesCell.swift in Sources */,
				37832E0627FD7C61001EAB8A /* RestClient.swift in Sources */,
				37832E1527FD7F65001EAB8A /* Powerstats.swift in Sources */,
				37832E1D27FD7F65001EAB8A /* Heroes.swift in Sources */,
				37F1690227FD71AD005943F4 /* ViewController.swift in Sources */,
				37709D1927FDCBC400B9A05F /* GradientView.swift in Sources */,
				37832E1B27FD7F65001EAB8A /* Appearance.swift in Sources */,
				37832E1727FD7F65001EAB8A /* Biography.swift in Sources */,
				37832E1A27FD7F65001EAB8A /* APIError.swift in Sources */,
				37832E1927FD7F65001EAB8A /* Superheroes.swift in Sources */,
				37F168FE27FD71AD005943F4 /* AppDelegate.swift in Sources */,
				37832E1C27FD7F65001EAB8A /* Connections.swift in Sources */,
				37F1690027FD71AD005943F4 /* SceneDelegate.swift in Sources */,
				37832E1827FD7F65001EAB8A /* Image.swift in Sources */,
			);
			runOnlyForDeploymentPostprocessing = 0;
		};
/* End PBXSourcesBuildPhase section */

/* Begin PBXVariantGroup section */
		37F1690327FD71AD005943F4 /* Main.storyboard */ = {
			isa = PBXVariantGroup;
			children = (
				37F1690427FD71AD005943F4 /* Base */,
			);
			name = Main.storyboard;
			sourceTree = "<group>";
		};
		37F1690827FD71AE005943F4 /* LaunchScreen.storyboard */ = {
			isa = PBXVariantGroup;
			children = (
				37F1690927FD71AE005943F4 /* Base */,
			);
			name = LaunchScreen.storyboard;
			sourceTree = "<group>";
		};
/* End PBXVariantGroup section */

/* Begin XCBuildConfiguration section */
		37F1690C27FD71AE005943F4 /* Debug */ = {
			isa = XCBuildConfiguration;
			buildSettings = {
				ALWAYS_SEARCH_USER_PATHS = NO;
				CLANG_ANALYZER_NONNULL = YES;
				CLANG_ANALYZER_NUMBER_OBJECT_CONVERSION = YES_AGGRESSIVE;
				CLANG_CXX_LANGUAGE_STANDARD = "gnu++17";
				CLANG_ENABLE_MODULES = YES;
				CLANG_ENABLE_OBJC_ARC = YES;
				CLANG_ENABLE_OBJC_WEAK = YES;
				CLANG_WARN_BLOCK_CAPTURE_AUTORELEASING = YES;
				CLANG_WARN_BOOL_CONVERSION = YES;
				CLANG_WARN_COMMA = YES;
				CLANG_WARN_CONSTANT_CONVERSION = YES;
				CLANG_WARN_DEPRECATED_OBJC_IMPLEMENTATIONS = YES;
				CLANG_WARN_DIRECT_OBJC_ISA_USAGE = YES_ERROR;
				CLANG_WARN_DOCUMENTATION_COMMENTS = YES;
				CLANG_WARN_EMPTY_BODY = YES;
				CLANG_WARN_ENUM_CONVERSION = YES;
				CLANG_WARN_INFINITE_RECURSION = YES;
				CLANG_WARN_INT_CONVERSION = YES;
				CLANG_WARN_NON_LITERAL_NULL_CONVERSION = YES;
				CLANG_WARN_OBJC_IMPLICIT_RETAIN_SELF = YES;
				CLANG_WARN_OBJC_LITERAL_CONVERSION = YES;
				CLANG_WARN_OBJC_ROOT_CLASS = YES_ERROR;
				CLANG_WARN_QUOTED_INCLUDE_IN_FRAMEWORK_HEADER = YES;
				CLANG_WARN_RANGE_LOOP_ANALYSIS = YES;
				CLANG_WARN_STRICT_PROTOTYPES = YES;
				CLANG_WARN_SUSPICIOUS_MOVE = YES;
				CLANG_WARN_UNGUARDED_AVAILABILITY = YES_AGGRESSIVE;
				CLANG_WARN_UNREACHABLE_CODE = YES;
				CLANG_WARN__DUPLICATE_METHOD_MATCH = YES;
				COPY_PHASE_STRIP = NO;
				DEBUG_INFORMATION_FORMAT = dwarf;
				ENABLE_STRICT_OBJC_MSGSEND = YES;
				ENABLE_TESTABILITY = YES;
				GCC_C_LANGUAGE_STANDARD = gnu11;
				GCC_DYNAMIC_NO_PIC = NO;
				GCC_NO_COMMON_BLOCKS = YES;
				GCC_OPTIMIZATION_LEVEL = 0;
				GCC_PREPROCESSOR_DEFINITIONS = (
					"DEBUG=1",
					"$(inherited)",
				);
				GCC_WARN_64_TO_32_BIT_CONVERSION = YES;
				GCC_WARN_ABOUT_RETURN_TYPE = YES_ERROR;
				GCC_WARN_UNDECLARED_SELECTOR = YES;
				GCC_WARN_UNINITIALIZED_AUTOS = YES_AGGRESSIVE;
				GCC_WARN_UNUSED_FUNCTION = YES;
				GCC_WARN_UNUSED_VARIABLE = YES;
				IPHONEOS_DEPLOYMENT_TARGET = 15.4;
				MTL_ENABLE_DEBUG_INFO = INCLUDE_SOURCE;
				MTL_FAST_MATH = YES;
				ONLY_ACTIVE_ARCH = YES;
				SDKROOT = iphoneos;
				SWIFT_ACTIVE_COMPILATION_CONDITIONS = DEBUG;
				SWIFT_OPTIMIZATION_LEVEL = "-Onone";
			};
			name = Debug;
		};
		37F1690D27FD71AE005943F4 /* Release */ = {
			isa = XCBuildConfiguration;
			buildSettings = {
				ALWAYS_SEARCH_USER_PATHS = NO;
				CLANG_ANALYZER_NONNULL = YES;
				CLANG_ANALYZER_NUMBER_OBJECT_CONVERSION = YES_AGGRESSIVE;
				CLANG_CXX_LANGUAGE_STANDARD = "gnu++17";
				CLANG_ENABLE_MODULES = YES;
				CLANG_ENABLE_OBJC_ARC = YES;
				CLANG_ENABLE_OBJC_WEAK = YES;
				CLANG_WARN_BLOCK_CAPTURE_AUTORELEASING = YES;
				CLANG_WARN_BOOL_CONVERSION = YES;
				CLANG_WARN_COMMA = YES;
				CLANG_WARN_CONSTANT_CONVERSION = YES;
				CLANG_WARN_DEPRECATED_OBJC_IMPLEMENTATIONS = YES;
				CLANG_WARN_DIRECT_OBJC_ISA_USAGE = YES_ERROR;
				CLANG_WARN_DOCUMENTATION_COMMENTS = YES;
				CLANG_WARN_EMPTY_BODY = YES;
				CLANG_WARN_ENUM_CONVERSION = YES;
				CLANG_WARN_INFINITE_RECURSION = YES;
				CLANG_WARN_INT_CONVERSION = YES;
				CLANG_WARN_NON_LITERAL_NULL_CONVERSION = YES;
				CLANG_WARN_OBJC_IMPLICIT_RETAIN_SELF = YES;
				CLANG_WARN_OBJC_LITERAL_CONVERSION = YES;
				CLANG_WARN_OBJC_ROOT_CLASS = YES_ERROR;
				CLANG_WARN_QUOTED_INCLUDE_IN_FRAMEWORK_HEADER = YES;
				CLANG_WARN_RANGE_LOOP_ANALYSIS = YES;
				CLANG_WARN_STRICT_PROTOTYPES = YES;
				CLANG_WARN_SUSPICIOUS_MOVE = YES;
				CLANG_WARN_UNGUARDED_AVAILABILITY = YES_AGGRESSIVE;
				CLANG_WARN_UNREACHABLE_CODE = YES;
				CLANG_WARN__DUPLICATE_METHOD_MATCH = YES;
				COPY_PHASE_STRIP = NO;
				DEBUG_INFORMATION_FORMAT = "dwarf-with-dsym";
				ENABLE_NS_ASSERTIONS = NO;
				ENABLE_STRICT_OBJC_MSGSEND = YES;
				GCC_C_LANGUAGE_STANDARD = gnu11;
				GCC_NO_COMMON_BLOCKS = YES;
				GCC_WARN_64_TO_32_BIT_CONVERSION = YES;
				GCC_WARN_ABOUT_RETURN_TYPE = YES_ERROR;
				GCC_WARN_UNDECLARED_SELECTOR = YES;
				GCC_WARN_UNINITIALIZED_AUTOS = YES_AGGRESSIVE;
				GCC_WARN_UNUSED_FUNCTION = YES;
				GCC_WARN_UNUSED_VARIABLE = YES;
				IPHONEOS_DEPLOYMENT_TARGET = 15.4;
				MTL_ENABLE_DEBUG_INFO = NO;
				MTL_FAST_MATH = YES;
				SDKROOT = iphoneos;
				SWIFT_COMPILATION_MODE = wholemodule;
				SWIFT_OPTIMIZATION_LEVEL = "-O";
				VALIDATE_PRODUCT = YES;
			};
			name = Release;
		};
		37F1690F27FD71AE005943F4 /* Debug */ = {
			isa = XCBuildConfiguration;
			baseConfigurationReference = C1539ABE7A898B7D33DADE52 /* Pods-RxStudy.debug.xcconfig */;
			buildSettings = {
				ASSETCATALOG_COMPILER_APPICON_NAME = AppIcon;
				ASSETCATALOG_COMPILER_GLOBAL_ACCENT_COLOR_NAME = AccentColor;
				CODE_SIGN_STYLE = Automatic;
				CURRENT_PROJECT_VERSION = 1;
				DEVELOPMENT_TEAM = 6BZ45VV3SM;
				GENERATE_INFOPLIST_FILE = YES;
				INFOPLIST_FILE = RxStudy/Info.plist;
				INFOPLIST_KEY_UIApplicationSupportsIndirectInputEvents = YES;
				INFOPLIST_KEY_UILaunchStoryboardName = LaunchScreen;
				INFOPLIST_KEY_UIMainStoryboardFile = Main;
				INFOPLIST_KEY_UISupportedInterfaceOrientations = UIInterfaceOrientationPortrait;
				INFOPLIST_KEY_UISupportedInterfaceOrientations_iPad = "UIInterfaceOrientationPortrait UIInterfaceOrientationPortraitUpsideDown UIInterfaceOrientationLandscapeLeft UIInterfaceOrientationLandscapeRight";
				INFOPLIST_KEY_UISupportedInterfaceOrientations_iPhone = "UIInterfaceOrientationPortrait UIInterfaceOrientationLandscapeLeft UIInterfaceOrientationLandscapeRight";
				IPHONEOS_DEPLOYMENT_TARGET = 13.0;
				LD_RUNPATH_SEARCH_PATHS = (
					"$(inherited)",
					"@executable_path/Frameworks",
				);
				MARKETING_VERSION = 1.0;
				PRODUCT_BUNDLE_IDENTIFIER = adamcseke.RxStudy;
				PRODUCT_NAME = "$(TARGET_NAME)";
				SWIFT_EMIT_LOC_STRINGS = YES;
				SWIFT_VERSION = 5.0;
				TARGETED_DEVICE_FAMILY = 1;
			};
			name = Debug;
		};
		37F1691027FD71AE005943F4 /* Release */ = {
			isa = XCBuildConfiguration;
			baseConfigurationReference = F8ADE7CA432D526334B05F49 /* Pods-RxStudy.release.xcconfig */;
			buildSettings = {
				ASSETCATALOG_COMPILER_APPICON_NAME = AppIcon;
				ASSETCATALOG_COMPILER_GLOBAL_ACCENT_COLOR_NAME = AccentColor;
				CODE_SIGN_STYLE = Automatic;
				CURRENT_PROJECT_VERSION = 1;
				DEVELOPMENT_TEAM = 6BZ45VV3SM;
				GENERATE_INFOPLIST_FILE = YES;
				INFOPLIST_FILE = RxStudy/Info.plist;
				INFOPLIST_KEY_UIApplicationSupportsIndirectInputEvents = YES;
				INFOPLIST_KEY_UILaunchStoryboardName = LaunchScreen;
				INFOPLIST_KEY_UIMainStoryboardFile = Main;
				INFOPLIST_KEY_UISupportedInterfaceOrientations = UIInterfaceOrientationPortrait;
				INFOPLIST_KEY_UISupportedInterfaceOrientations_iPad = "UIInterfaceOrientationPortrait UIInterfaceOrientationPortraitUpsideDown UIInterfaceOrientationLandscapeLeft UIInterfaceOrientationLandscapeRight";
				INFOPLIST_KEY_UISupportedInterfaceOrientations_iPhone = "UIInterfaceOrientationPortrait UIInterfaceOrientationLandscapeLeft UIInterfaceOrientationLandscapeRight";
				IPHONEOS_DEPLOYMENT_TARGET = 13.0;
				LD_RUNPATH_SEARCH_PATHS = (
					"$(inherited)",
					"@executable_path/Frameworks",
				);
				MARKETING_VERSION = 1.0;
				PRODUCT_BUNDLE_IDENTIFIER = adamcseke.RxStudy;
				PRODUCT_NAME = "$(TARGET_NAME)";
				SWIFT_EMIT_LOC_STRINGS = YES;
				SWIFT_VERSION = 5.0;
				TARGETED_DEVICE_FAMILY = 1;
			};
			name = Release;
		};
/* End XCBuildConfiguration section */

/* Begin XCConfigurationList section */
		37F168F527FD71AD005943F4 /* Build configuration list for PBXProject "RxStudy" */ = {
			isa = XCConfigurationList;
			buildConfigurations = (
				37F1690C27FD71AE005943F4 /* Debug */,
				37F1690D27FD71AE005943F4 /* Release */,
			);
			defaultConfigurationIsVisible = 0;
			defaultConfigurationName = Release;
		};
		37F1690E27FD71AE005943F4 /* Build configuration list for PBXNativeTarget "RxStudy" */ = {
			isa = XCConfigurationList;
			buildConfigurations = (
				37F1690F27FD71AE005943F4 /* Debug */,
				37F1691027FD71AE005943F4 /* Release */,
			);
			defaultConfigurationIsVisible = 0;
			defaultConfigurationName = Release;
		};
/* End XCConfigurationList section */
	};
	rootObject = 37F168F227FD71AD005943F4 /* Project object */;
}
